{"SurveyEntry":{"SurveyID":"SV_0BvgzCWZZ6qNZPf","SurveyName":"SALT 2016 Survey","SurveyDescription":null,"SurveyOwnerID":"UR_cZIG3VhHOknmQgR","SurveyBrandID":"utexas","DivisionID":null,"SurveyLanguage":"EN","SurveyActiveResponseSet":"RS_2tyd7MSoNIlsXXf","SurveyStatus":"Active","SurveyStartDate":"0000-00-00 00:00:00","SurveyExpirationDate":"0000-00-00 00:00:00","SurveyCreationDate":"2016-06-27 15:56:06","CreatorID":"UR_cZIG3VhHOknmQgR","LastModified":"2016-07-06 10:48:20","LastAccessed":"0000-00-00 00:00:00","LastActivated":"2016-06-28 13:44:54","Deleted":null},"SurveyElements":[{"SurveyID":"SV_0BvgzCWZZ6qNZPf","Element":"BL","PrimaryAttribute":"Survey Blocks","SecondaryAttribute":null,"TertiaryAttribute":null,"Payload":[{"Type":"Default","Description":"Conference attendee","ID":"BL_djwxHe7iSCzlHhz","BlockElements":[{"Type":"Question","QuestionID":"QID2"},{"Type":"Question","QuestionID":"QID1"},{"Type":"Question","QuestionID":"QID27"},{"Type":"Question","QuestionID":"QID3"},{"Type":"Question","QuestionID":"QID4"},{"Type":"Question","QuestionID":"QID11"},{"Type":"Question","QuestionID":"QID47"},{"Type":"Question","QuestionID":"QID9"},{"Type":"Question","QuestionID":"QID5"},{"Type":"Question","QuestionID":"QID28"},{"Type":"Question","QuestionID":"QID17"},{"Type":"Question","QuestionID":"QID7"},{"Type":"Question","QuestionID":"QID40"},{"Type":"Question","QuestionID":"QID20"},{"Type":"Question","QuestionID":"QID8"},{"Type":"Question","QuestionID":"QID39"}]},{"Type":"Trash","Description":"Trash \/ Unused Questions","ID":"BL_6Rr9rzgDEYyLsFL","BlockElements":[]},{"Type":"Standard","SubType":"","Description":"Entry","ID":"BL_0NUNh8hIV2ibMwJ","BlockElements":[{"Type":"Question","QuestionID":"QID34"},{"Type":"Question","QuestionID":"QID19"},{"Type":"Question","QuestionID":"QID18"},{"Type":"Question","QuestionID":"QID41"},{"Type":"Question","QuestionID":"QID46"},{"Type":"Question","QuestionID":"QID32"}]},{"Type":"Standard","SubType":"","Description":"Abstract author \/ reviewer","ID":"BL_0AGZEpl9JQv4FYV","BlockElements":[{"Type":"Question","QuestionID":"QID30"},{"Type":"Question","QuestionID":"QID16"},{"Type":"Question","QuestionID":"QID29"},{"Type":"Question","QuestionID":"QID22"},{"Type":"Question","QuestionID":"QID23"},{"Type":"Question","QuestionID":"QID36"},{"Type":"Question","QuestionID":"QID6"},{"Type":"Question","QuestionID":"QID38"}]},{"Type":"Standard","SubType":"","Description":"Final","ID":"BL_8BXhc6bbWFfCXAN","BlockElements":[{"Type":"Question","QuestionID":"QID35"},{"Type":"Question","QuestionID":"QID24"},{"Type":"Question","QuestionID":"QID25"},{"Type":"Question","QuestionID":"QID12"},{"Type":"Question","QuestionID":"QID10"},{"Type":"Question","QuestionID":"QID31"},{"Type":"Question","QuestionID":"QID37"}]}]},{"SurveyID":"SV_0BvgzCWZZ6qNZPf","Element":"CT","PrimaryAttribute":"CT_cGa4efKVKisNjZH","SecondaryAttribute":null,"TertiaryAttribute":null,"Payload":null},{"SurveyID":"SV_0BvgzCWZZ6qNZPf","Element":"FL","PrimaryAttribute":"Survey Flow","SecondaryAttribute":null,"TertiaryAttribute":null,"Payload":{"Type":"Root","FlowID":"FL_1","Flow":[{"Type":"Standard","ID":"BL_0NUNh8hIV2ibMwJ","FlowID":"FL_3"},{"Type":"Branch","FlowID":"FL_4","Description":"New Branch","BranchLogic":{"0":{"0":{"LogicType":"Question","QuestionID":"QID19","QuestionIsInLoop":"no","ChoiceLocator":"q:\/\/QID19\/SelectableChoice\/3","Operator":"Selected","QuestionIDFromLocator":"QID19","LeftOperand":"q:\/\/QID19\/SelectableChoice\/3","Type":"Expression","Description":"<span class=\"ConjDesc\">If<\/span> <span class=\"QuestionDesc\">How did you participate in SALT 26? Check all that apply:<\/span> <span class=\"LeftOpDesc\">Conference attendee<\/span> Is <span class=\"OpDesc\">Selected<\/span> "},"Type":"If"},"Type":"BooleanExpression"},"Flow":[{"Type":"Block","ID":"BL_djwxHe7iSCzlHhz","FlowID":"FL_2"}]},{"Type":"Branch","FlowID":"FL_5","Description":"New Branch","BranchLogic":{"0":{"0":{"LogicType":"Question","QuestionID":"QID19","QuestionIsInLoop":"no","ChoiceLocator":"q:\/\/QID19\/SelectableChoice\/1","Operator":"Selected","QuestionIDFromLocator":"QID19","LeftOperand":"q:\/\/QID19\/SelectableChoice\/1","Type":"Expression","Description":"<span class=\"ConjDesc\">If<\/span> <span class=\"QuestionDesc\">How did you participate in SALT 26? Check all that apply:<\/span> <span class=\"LeftOpDesc\">Abstract author<\/span> Is <span class=\"OpDesc\">Selected<\/span> "},"1":{"LogicType":"Question","QuestionID":"QID19","QuestionIsInLoop":"no","ChoiceLocator":"q:\/\/QID19\/SelectableChoice\/2","Operator":"Selected","QuestionIDFromLocator":"QID19","LeftOperand":"q:\/\/QID19\/SelectableChoice\/2","Type":"Expression","Description":"<span class=\"ConjDesc\">Or<\/span> <span class=\"QuestionDesc\">How did you participate in SALT 26? Check all that apply:<\/span> <span class=\"LeftOpDesc\">Abstract reviewer<\/span> Is <span class=\"OpDesc\">Selected<\/span> ","Conjuction":"Or"},"Type":"If"},"Type":"BooleanExpression"},"Flow":[{"Type":"Block","ID":"BL_0AGZEpl9JQv4FYV","FlowID":"FL_6"}]},{"Type":"Standard","ID":"BL_8BXhc6bbWFfCXAN","FlowID":"FL_10"}],"Properties":{"Count":16}}},{"SurveyID":"SV_0BvgzCWZZ6qNZPf","Element":"SO","PrimaryAttribute":"Survey Options","SecondaryAttribute":null,"TertiaryAttribute":null,"Payload":{"BackButton":"false","SaveAndContinue":"true","SurveyProtection":"PublicSurvey","BallotBoxStuffingPrevention":"false","SurveyExpiration":null,"SurveyTermination":"DisplayMessage","Header":"<div style=\"text-align: center;\"><img src=\"https:\/\/utexas.qualtrics.com\/CP\/Graphic.php?IM=IM_07LQNd5MXMwAjTT\" style=\"width: 518px; height: 120px;\" \/><\/div>\n","Footer":"<div style=\"text-align: center;\">If you have any questions or concerns about this survey, please email us at&nbsp;<a href=\"mailto:salt26conf@gmail.com\">salt26conf@gmail.com<\/a>.<\/div>\n","ProgressBarDisplay":"None","PartialData":"+2 weeks","ValidationMessage":null,"PreviousButton":"  <<  ","NextButton":"Continue","SkinLibrary":"Qualtrics","SkinType":"MQ","Skin":"PlainJain","NewScoring":1,"PreferJFE":false,"libraryId":"","nextButtonMid":"","previousButtonMid":"","headerMid":"","footerMid":"","QuestionsPerPage":"25","ExternalCSS":null,"CustomStyles":{"errorStyles":{"selector":".Skin .ValidationError","styles":{"color":null,"backgroundColor":null,"borderColor":null}},"errorStylesBG":{"selector":".Skin .HeaderValidationError, .Skin .HeaderValidationError li a","styles":{"color":null,"backgroundColor":null}},"pageStyles":{"selector":"#SurveyEngineBody","styles":{"backgroundColor":null}},"textStyles":{"selector":".SkinInner","styles":{"fontFamily":"arial, helvetica, sans-serif","fontSize":"110%","fontWeight":null,"fontStyle":null,"textDecoration":null,"color":"rgb(40, 14, 0)"}},"questionStyles":{"selector":".Skin .QuestionText","styles":{"fontFamily":"","fontSize":"","fontWeight":"","fontStyle":"","textDecoration":"","color":null}},"choiceStyles":{"selector":".Skin .horizontalbar th.ylabel, .Skin .Matrix table td, .Skin .Matrix table th, .Skin .Matrix table thead th, .Skin .Matrix table thead td, .Skin .PGR .DragAndDrop .Items label, .Skin .QuestionBody ul.ChoiceStructure, .Skin .PGR .DragAndDrop .Group ul, .Skin .PGR .DragAndDrop .Group h2, .Skin .PGR .DragAndDrop .Items ul, .Skin .PGR .DragAndDrop .Items h2, .Skin .DD .QuestionBody table.ChoiceStructure, .Skin .PGR .DragAndDrop .NoColumns td.groupsContainerTd div ul, .Skin .PGR .DragAndDrop .NoColumns td.groupsContainerTd div h2, .Skin .SBS thead th, .Skin .SBS td, .Skin .SBS .Answers td, .Skin .SBS .Answers th, .SBS table.ChoiceStructure, .Skin .horizontalbar thead table.LabelDescriptions tr td, .Skin .horizontalbar thead tr td.NotApplicable, .QuestionBody th, .Skin .QuestionBody .MC .MAVR label, .Skin .QuestionBody .MC .SAVR label, .Skin .SBS thead th, .Skin .SBS td, .Skin .RO .DND ul li, .Skin .reg, .SkinInner .ChoiceStructure, .Skin thead, .Skin .GAP .ChoiceStructure thead th, .Skin .GAP .ChoiceStructure .c4, .Skin .GAP .ChoiceStructure th, .Skin .GAP .ChoiceStructure .WhyText, .SkinInner .ChoiceStructure .LightBG, .Skin .QuestionOuter.Highlight .Inner .reg, .Skin .QuestionOuter.Highlight .Inner .alt, .Skin .QuestionOuter.Highlight .Inner .ReadableAlt       ","styles":{"fontFamily":"","fontSize":"","fontWeight":"","fontStyle":"","textDecoration":"","color":null}},"headerStyles":{"selector":".Skin div#Header","styles":{"color":null}},"footerStyles":{"selector":".Skin #Footer","styles":{"color":null}},"questionSeparatorStyles":{"selector":".Skin .Separator","styles":{"backgroundColor":"rgb(224, 224, 224)","display":"block"}},"highlightStyles":{"selector":".Skin .QuestionOuter.Highlight .Inner, .Skin .QuestionOuter.Highlight .Inner .reg, .Skin .QuestionOuter.Highlight .Inner .alt, .Skin .QuestionOuter.Highlight .Inner .ReadableAlt","styles":{"backgroundColor":null}},"highlightStylesAlt":{"selector":".Skin .QuestionOuter.Highlight .Inner .ReadableAlt, .Skin .QuestionOuter.Highlight .Inner .LightBG","styles":{"backgroundColor":null}},"textEntryStyles":{"selector":".Skin select, .Skin .InputText","styles":{"color":"rgb(17, 17, 17)"}},"borderStyles":{"selector":".Skin .CS .horizontalbar table.sliderGrid tr.xlabel th, .Skin .CS .horizontalbar .ylabel, .Skin .CS .horizontalbar table.sliderGrid tr td.value, .Skin .Slider .horizontalbar table.sliderGrid tr.xlabel th, .Skin .BorderColor, .Skin .DarkBorderColor, .Skin .Slider .horizontalbar table.sliderGrid tr td.value, .Skin thead, .Skin .GAP .ChoiceStructure thead th  ","styles":{"borderColor":"rgb(255, 255, 255)"}},"altRowStyles":{"selector":".Skin .ReadableAlt, .Skin .LightBG","styles":{"backgroundColor":"rgb(248, 248, 248)"}},"customCSS":"#Plug, #Plug a { color: white !important; }"},"HighlightQuestions":"off","EOSMessage":"MS_9TyM9JFq9ZBlvzT","ShowExportTags":"false","CollectGeoLocation":"false","SurveyTitle":"SALT 2016 Survey","SurveyMetaDescription":"Semantics and Linguistic Theory (SALT) 26 Survey","PasswordProtection":"No","AnonymizeResponse":"No","Password":"","RefererCheck":"No","NoIndex":"Yes","RefererURL":"http:\/\/","EOSMessageLibrary":"UR_cMHw1eYYUIlrRul","EOSRedirectURL":"http:\/\/","EmailThankYou":"false","ThankYouEmailMessageLibrary":null,"ThankYouEmailMessage":null,"ValidateMessage":"false","ValidationMessageLibrary":null,"InactiveSurvey":"DefaultMessage","InactiveMessageLibrary":"","InactiveMessage":"","AvailableLanguages":{"EN":[]},"SpellChecked":0,"ProtectSelectionIds":true,"PageTransition":"None","SecureResponseFiles":"false","ActiveResponseSet":null}},{"SurveyID":"SV_0BvgzCWZZ6qNZPf","Element":"SCO","PrimaryAttribute":"Scoring","SecondaryAttribute":null,"TertiaryAttribute":null,"Payload":{"ScoringCategories":[],"ScoringCategoryGroups":[],"ScoringSummaryCategory":null,"ScoringSummaryAfterQuestions":0,"ScoringSummaryAfterSurvey":0,"DefaultScoringCategory":null,"AutoScoringCategory":null}},{"SurveyID":"SV_0BvgzCWZZ6qNZPf","Element":"STAT","PrimaryAttribute":"Survey Statistics","SecondaryAttribute":null,"TertiaryAttribute":null,"Payload":{"MobileCompatible":true,"ID":"Survey Statistics"}},{"SurveyID":"SV_0BvgzCWZZ6qNZPf","Element":"QC","PrimaryAttribute":"Survey Question Count","SecondaryAttribute":"47","TertiaryAttribute":null,"Payload":null},{"SurveyID":"SV_0BvgzCWZZ6qNZPf","Element":"SQ","PrimaryAttribute":"QID29","SecondaryAttribute":"As a reviewer, how worthwhile did you feel the author-response period was?","TertiaryAttribute":null,"Payload":{"QuestionText":"<u><strong>As a reviewer<\/strong><\/u>, how worthwhile did you feel the author-response period was?","DefaultChoices":false,"DataExportTag":"Q3.3","QuestionType":"MC","Selector":"SAVR","SubSelector":"TX","Configuration":{"QuestionDescriptionOption":"UseText"},"QuestionDescription":"As a reviewer, how worthwhile did you feel the author-response period was?","Choices":{"1":{"Display":"Extremely worthwhile"},"4":{"Display":"Not worthwhile at all"},"5":{"Display":"Somewhat worthwhile"},"6":{"Display":"It was indispensible"},"54":{"Display":"It was detrimental"}},"ChoiceOrder":["54","4","5","1","6"],"Validation":{"Settings":{"ForceResponse":"OFF","ForceResponseType":"ON","Type":"None"}},"GradingData":[],"Language":[],"QuestionID":"QID29","DisplayLogic":{"0":{"0":{"LogicType":"Question","QuestionID":"QID19","QuestionIsInLoop":"no","ChoiceLocator":"q:\/\/QID19\/SelectableChoice\/2","Operator":"Selected","QuestionIDFromLocator":"QID19","LeftOperand":"q:\/\/QID19\/SelectableChoice\/2","Type":"Expression","Description":"<span class=\"ConjDesc\">If<\/span> <span class=\"QuestionDesc\">How did you participate in SALT 26? Check all that apply:<\/span> <span class=\"LeftOpDesc\">Abstract reviewer<\/span> Is <span class=\"OpDesc\">Selected<\/span> "},"Type":"If"},"Type":"BooleanExpression","inPage":false},"QuestionText_Unsafe":"<u><strong>As a reviewer<\/strong><\/u>, how worthwhile did you feel the author-response period was?"}},{"SurveyID":"SV_0BvgzCWZZ6qNZPf","Element":"SQ","PrimaryAttribute":"QID16","SecondaryAttribute":"As an author, how worthwhile did you feel the author-response period was?","TertiaryAttribute":null,"Payload":{"QuestionText":"<u><b>As an author<\/b><\/u>, how worthwhile did you feel the author-response period was?","DefaultChoices":false,"DataExportTag":"Q3.2","QuestionID":"QID16","QuestionType":"MC","Selector":"SAVR","SubSelector":"TX","Configuration":{"QuestionDescriptionOption":"UseText","TextPosition":"inline"},"QuestionDescription":"As an author, how worthwhile did you feel the author-response period was?","Choices":{"1":{"Display":"Extremely worthwhile"},"4":{"Display":"Not worthwhile at all"},"5":{"Display":"Somewhat worthwhile"},"6":{"Display":"It was indispensible"},"54":{"Display":"It was detrimental"}},"ChoiceOrder":["54","4","5","1","6"],"Validation":{"Settings":{"ForceResponse":"OFF","ForceResponseType":"ON","Type":"None"}},"GradingData":[],"Language":[],"DisplayLogic":{"0":{"0":{"LogicType":"Question","QuestionID":"QID19","QuestionIsInLoop":"no","ChoiceLocator":"q:\/\/QID19\/SelectableChoice\/1","Operator":"Selected","QuestionIDFromLocator":"QID19","LeftOperand":"q:\/\/QID19\/SelectableChoice\/1","Type":"Expression","Description":"<span class=\"ConjDesc\">If<\/span> <span class=\"QuestionDesc\">How did you participate in SALT 26? Check all that apply:<\/span> <span class=\"LeftOpDesc\">Abstract author<\/span> Is <span class=\"OpDesc\">Selected<\/span> "},"Type":"If"},"Type":"BooleanExpression","inPage":false},"QuestionText_Unsafe":"<u><b>As an author<\/b><\/u>, how worthwhile did you feel the author-response period was?"}},{"SurveyID":"SV_0BvgzCWZZ6qNZPf","Element":"SQ","PrimaryAttribute":"QID32","SecondaryAttribute":"Browser Meta Info","TertiaryAttribute":null,"Payload":{"QuestionText":"Browser Meta Info","DefaultChoices":false,"DataExportTag":"Q1.6","QuestionType":"Meta","Selector":"Browser","Configuration":{"QuestionDescriptionOption":"UseText"},"QuestionDescription":"Browser Meta Info","Choices":{"1":{"Display":"Browser","TextEntry":1},"2":{"Display":"Version","TextEntry":1},"3":{"Display":"Operating System","TextEntry":1},"4":{"Display":"Screen Resolution","TextEntry":1},"5":{"Display":"Flash Version","TextEntry":1},"6":{"Display":"Java Support","TextEntry":1},"7":{"Display":"User Agent","TextEntry":1}},"GradingData":[],"Language":[],"QuestionID":"QID32","QuestionText_Unsafe":"Browser Meta Info"}},{"SurveyID":"SV_0BvgzCWZZ6qNZPf","Element":"CJ","PrimaryAttribute":"CJ_eFkWbpmgcUgA7XL","SecondaryAttribute":"Conjoint","TertiaryAttribute":null,"Payload":{"Type":"SelfExplicated","Description":"Conjoint","DisplayOption":"Importance","DataExportTag":"CJ1","QuestionType":"Conjoint","T_FeatureElemenation":"Is ANY FEATURE LEVEL SO UNACCEPTABLE that ALL OPTIONS CONTAINING THAT LEVEL WOULD BE REJECTED, NO MATTER HOW ATTRACTIVE THE OPTION ON ALL OTHER FEATURES? In other words, with this feature level present, the option just doesn't work for you... and would NEVER, EVER, EVER be considered. It would be better for you to go totally without this product or service than have one with this feature level.","T_MostandLeastPreferred":"Please select your most preferred and least preferred for each set shown below:","T_PreferenceMostandLeast":"Considering the concepts you've just seen, please indicate your preference for the following:","T_ImportancesConstSum":"In the previous questions, you rated the following as your most preferred. Please allocate 100 percentage points showing the relative importance of each:","T_UpgradeConstSum":"Assume you are upgrading...please allocate 100 percentage points showing the relative importance of each upgrade:","DisplayOneAtATime":false,"Features":[],"ID":"CJ_eFkWbpmgcUgA7XL"}},{"SurveyID":"SV_0BvgzCWZZ6qNZPf","Element":"CJ","PrimaryAttribute":"CJ_et9L2sOEJRCBIgd","SecondaryAttribute":"Conjoint","TertiaryAttribute":null,"Payload":{"Type":"SelfExplicated","Description":"Conjoint","DisplayOption":"Importance","DataExportTag":"CJ5","QuestionType":"Conjoint","T_FeatureElemenation":"Is ANY FEATURE LEVEL SO UNACCEPTABLE that ALL OPTIONS CONTAINING THAT LEVEL WOULD BE REJECTED, NO MATTER HOW ATTRACTIVE THE OPTION ON ALL OTHER FEATURES? In other words, with this feature level present, the option just doesn't work for you... and would NEVER, EVER, EVER be considered. It would be better for you to go totally without this product or service than have one with this feature level.","T_MostandLeastPreferred":"Please select your most preferred and least preferred for each set shown below:","T_PreferenceMostandLeast":"Considering the concepts you've just seen, please indicate your preference for the following:","T_ImportancesConstSum":"In the previous questions, you rated the following as your most preferred. Please allocate 100 percentage points showing the relative importance of each:","T_UpgradeConstSum":"Assume you are upgrading...please allocate 100 percentage points showing the relative importance of each upgrade:","DisplayOneAtATime":false,"Features":[],"ID":"CJ_et9L2sOEJRCBIgd"}},{"SurveyID":"SV_0BvgzCWZZ6qNZPf","Element":"SQ","PrimaryAttribute":"QID28","SecondaryAttribute":"Content","TertiaryAttribute":null,"Payload":{"QuestionText":"<span style=\"font-size:19px;\"><b>Content<\/b><\/span>","DefaultChoices":false,"DataExportTag":"Q2.10","QuestionType":"DB","Selector":"TB","Configuration":{"QuestionDescriptionOption":"UseText"},"QuestionDescription":"Content","ChoiceOrder":[],"Validation":{"Settings":{"Type":"None"}},"GradingData":[],"Language":[],"QuestionID":"QID28","QuestionText_Unsafe":"<span style=\"font-size:19px;\"><b>Content<\/b><\/span>"}},{"SurveyID":"SV_0BvgzCWZZ6qNZPf","Element":"SQ","PrimaryAttribute":"QID23","SecondaryAttribute":"Could the author-response process be improved in some way?","TertiaryAttribute":null,"Payload":{"QuestionText":"Could the author-response process be improved in some way?","DefaultChoices":false,"DataExportTag":"Q3.5","QuestionID":"QID23","QuestionType":"TE","Selector":"ML","Configuration":{"QuestionDescriptionOption":"UseText"},"QuestionDescription":"Could the author-response process be improved in some way?","Validation":{"Settings":{"ForceResponse":"OFF","ForceResponseType":"ON","Type":"None"}},"GradingData":[],"Language":[],"QuestionText_Unsafe":"Could the author-response process be improved in some way?"}},{"SurveyID":"SV_0BvgzCWZZ6qNZPf","Element":"RS","PrimaryAttribute":"RS_2tyd7MSoNIlsXXf","SecondaryAttribute":"Default Response Set","TertiaryAttribute":null,"Payload":null},{"SurveyID":"SV_0BvgzCWZZ6qNZPf","Element":"SQ","PrimaryAttribute":"QID25","SecondaryAttribute":"Do you have any comments or recommendations on how to coordinate such a workshop, such as timing...","TertiaryAttribute":null,"Payload":{"QuestionText":"Do you have any comments or recommendations on how to coordinate such a workshop, such as timing (before vs. after the main conference), or registration (should its fee be separate from the main conference), etc.?","DefaultChoices":false,"DataExportTag":"Q4.3","QuestionID":"QID25","QuestionType":"TE","Selector":"ML","Configuration":{"QuestionDescriptionOption":"UseText"},"QuestionDescription":"Do you have any comments or recommendations on how to coordinate such a workshop, such as timing...","Validation":{"Settings":{"ForceResponse":"OFF","ForceResponseType":"ON","Type":"None"}},"GradingData":[],"Language":[],"QuestionText_Unsafe":"Do you have any comments or recommendations on how to coordinate such a workshop, such as timing (before vs. after the main conference), or registration (should its fee be separate from the main conference), etc.?"}},{"SurveyID":"SV_0BvgzCWZZ6qNZPf","Element":"SQ","PrimaryAttribute":"QID10","SecondaryAttribute":"Do you have any final comments or suggestions for future SALT conferences?","TertiaryAttribute":null,"Payload":{"QuestionText":"Do you have any final comments or suggestions for future SALT conferences?","DefaultChoices":false,"DataExportTag":"Q4.5","QuestionType":"TE","Selector":"ESTB","Configuration":{"QuestionDescriptionOption":"UseText"},"QuestionDescription":"Do you have any final comments or suggestions for future SALT conferences?","Validation":{"Settings":{"ForceResponse":"OFF","ForceResponseType":"ON","Type":"None"}},"GradingData":[],"Language":[],"QuestionID":"QID10","QuestionText_Unsafe":"Do you have any final comments or suggestions for future SALT conferences?"}},{"SurveyID":"SV_0BvgzCWZZ6qNZPf","Element":"SQ","PrimaryAttribute":"QID17","SecondaryAttribute":"Do you have specific suggestions for improving communications with presenters of papers and poste...","TertiaryAttribute":null,"Payload":{"QuestionText":"Do you have specific suggestions for improving communications with presenters of papers and posters before and \nduring the conference, or comments on features you particularly liked?","DefaultChoices":false,"DataExportTag":"Q2.11","QuestionType":"TE","Selector":"ML","Configuration":{"QuestionDescriptionOption":"UseText"},"QuestionDescription":"Do you have specific suggestions for improving communications with presenters of papers and poste...","Validation":{"Settings":{"ForceResponse":"OFF","ForceResponseType":"ON","Type":"None"}},"GradingData":[],"Language":[],"QuestionID":"QID17","QuestionText_Unsafe":"Do you have specific suggestions for improving communications with presenters of papers and posters before and \nduring the conference, or comments on features you particularly liked?","InPageDisplayLogic":{"0":{"0":{"QuestionID":"QID2","QuestionIsInLoop":"no","ChoiceLocator":"q:\/\/QID2\/SelectableChoice\/2","Operator":"Selected","QuestionIDFromLocator":"QID2","LeftOperand":"q:\/\/QID2\/SelectableChoice\/2","Type":"Expression","LogicType":"Question","Description":"<span class=\"ConjDesc\">If<\/span> <span class=\"QuestionDesc\">In what capacity did you attend the conference? Check all that apply:<\/span> <span class=\"LeftOpDesc\">Talk presenter<\/span> Is <span class=\"OpDesc\">Selected<\/span> "},"1":{"QuestionID":"QID2","QuestionIsInLoop":"no","ChoiceLocator":"q:\/\/QID2\/SelectableChoice\/3","Operator":"Selected","QuestionIDFromLocator":"QID2","LeftOperand":"q:\/\/QID2\/SelectableChoice\/3","Type":"Expression","LogicType":"Question","Description":"<span class=\"ConjDesc\">Or<\/span> <span class=\"QuestionDesc\">In what capacity did you attend the conference? Check all that apply:<\/span> <span class=\"LeftOpDesc\">Poster presenter<\/span> Is <span class=\"OpDesc\">Selected<\/span> ","Conjuction":"Or"},"2":{"QuestionID":"QID2","QuestionIsInLoop":"no","ChoiceLocator":"q:\/\/QID2\/SelectableChoice\/1","Operator":"Selected","QuestionIDFromLocator":"QID2","LeftOperand":"q:\/\/QID2\/SelectableChoice\/1","Type":"Expression","LogicType":"Question","Description":"<span class=\"ConjDesc\">Or<\/span> <span class=\"QuestionDesc\">In what capacity did you attend the conference? Check all that apply:<\/span> <span class=\"LeftOpDesc\">Invited speaker<\/span> Is <span class=\"OpDesc\">Selected<\/span> ","Conjuction":"Or"},"Type":"If"},"Type":"BooleanExpression","inPage":true}}},{"SurveyID":"SV_0BvgzCWZZ6qNZPf","Element":"SQ","PrimaryAttribute":"QID6","SecondaryAttribute":"Do you have specific suggestions for improving the abstract review process in general, or comment...","TertiaryAttribute":null,"Payload":{"QuestionText":"Do you have specific suggestions for improving the abstract review process in general, or comments on features you particularly liked?","DefaultChoices":false,"DataExportTag":"Q3.7","QuestionType":"TE","Selector":"ESTB","Configuration":{"QuestionDescriptionOption":"UseText"},"QuestionDescription":"Do you have specific suggestions for improving the abstract review process in general, or comment...","Validation":{"Settings":{"ForceResponse":"OFF","ForceResponseType":"ON","Type":"None"}},"GradingData":[],"Language":[],"QuestionID":"QID6","QuestionText_Unsafe":"Do you have specific suggestions for improving the abstract review process in general, or comments on features you particularly liked?"}},{"SurveyID":"SV_0BvgzCWZZ6qNZPf","Element":"SQ","PrimaryAttribute":"QID5","SecondaryAttribute":"Do you have specific suggestions for improving the conference dinner party, or comments on featur...","TertiaryAttribute":null,"Payload":{"QuestionText":"Do you have specific suggestions for improving the conference dinner party, or comments on features you particularly liked? (type of food\/drinks, location, transportation directions, etc.)","DefaultChoices":false,"DataExportTag":"Q2.9","QuestionType":"TE","Selector":"ML","Configuration":{"QuestionDescriptionOption":"UseText"},"QuestionDescription":"Do you have specific suggestions for improving the conference dinner party, or comments on featur...","Validation":{"Settings":{"ForceResponse":"OFF","ForceResponseType":"ON","Type":"None"}},"GradingData":[],"Language":[],"QuestionID":"QID5","QuestionText_Unsafe":"Do you have specific suggestions for improving the conference dinner party, or comments on features you particularly liked? (type of food\/drinks, location, transportation directions, etc.)"}},{"SurveyID":"SV_0BvgzCWZZ6qNZPf","Element":"SQ","PrimaryAttribute":"QID8","SecondaryAttribute":"Do you have specific suggestions for improving the organization of the poster session (setup, dur...","TertiaryAttribute":null,"Payload":{"QuestionText":"Do you have specific suggestions for improving the organization of the poster session (setup, duration, reception, quantity of posters, etc.), or comments on features you particularly liked?","DefaultChoices":false,"DataExportTag":"Q2.15","QuestionID":"QID8","QuestionType":"TE","Selector":"ML","Configuration":{"QuestionDescriptionOption":"UseText"},"QuestionDescription":"Do you have specific suggestions for improving the organization of the poster session (setup, dur...","Validation":{"Settings":{"ForceResponse":"OFF","ForceResponseType":"ON","Type":"None"}},"GradingData":[],"Language":[],"QuestionText_Unsafe":"Do you have specific suggestions for improving the organization of the poster session (setup, duration, reception, quantity of posters, etc.), or comments on features you particularly liked?"}},{"SurveyID":"SV_0BvgzCWZZ6qNZPf","Element":"SQ","PrimaryAttribute":"QID7","SecondaryAttribute":"Do you have specific suggestions for improving the organization of the talks (laptops, screens, m...","TertiaryAttribute":null,"Payload":{"QuestionText":"Do you have specific suggestions for improving the organization of the talks (laptops, screens, microphones, technical support, handouts, timing, question period, quantity of talks etc.), or comments on features you particularly liked?","DefaultChoices":false,"DataExportTag":"Q2.12","QuestionType":"TE","Selector":"ML","Configuration":{"QuestionDescriptionOption":"UseText"},"QuestionDescription":"Do you have specific suggestions for improving the organization of the talks (laptops, screens, m...","Validation":{"Settings":{"ForceResponse":"OFF","ForceResponseType":"ON","Type":"None"}},"GradingData":[],"Language":[],"QuestionID":"QID7","QuestionText_Unsafe":"Do you have specific suggestions for improving the organization of the talks (laptops, screens, microphones, technical support, handouts, timing, question period, quantity of talks etc.), or comments on features you particularly liked?"}},{"SurveyID":"SV_0BvgzCWZZ6qNZPf","Element":"SQ","PrimaryAttribute":"QID24","SecondaryAttribute":"Do you think a satellite workshop should be a standard feature of SALT?","TertiaryAttribute":null,"Payload":{"QuestionText":"Do you think a satellite workshop should be a standard feature of SALT?","DataExportTag":"Q4.2","QuestionType":"MC","Selector":"SAVR","SubSelector":"TX","Configuration":{"QuestionDescriptionOption":"UseText"},"QuestionDescription":"Do you think a satellite workshop should be a standard feature of SALT?","Choices":{"28":{"Display":"Yes"},"29":{"Display":"No"},"30":{"Display":"Don't care"}},"ChoiceOrder":["28","29","30"],"Validation":{"Settings":{"ForceResponse":"OFF","ForceResponseType":"ON","Type":"None"}},"Language":[],"QuestionID":"QID24","QuestionText_Unsafe":"Do you think a satellite workshop should be a standard feature of SALT?"}},{"SurveyID":"SV_0BvgzCWZZ6qNZPf","Element":"SQ","PrimaryAttribute":"QID22","SecondaryAttribute":"Do you think we should continue the author-response process in the future?","TertiaryAttribute":null,"Payload":{"QuestionText":"Do you think we should continue the author-response process in the future?","DefaultChoices":false,"DataExportTag":"Q3.4","QuestionType":"MC","Selector":"SAVR","SubSelector":"TX","Configuration":{"QuestionDescriptionOption":"UseText"},"QuestionDescription":"Do you think we should continue the author-response process in the future?","Choices":{"23":{"Display":"Yes"},"24":{"Display":"No"}},"ChoiceOrder":["23","24"],"Validation":{"Settings":{"ForceResponse":"OFF","ForceResponseType":"ON","Type":"None"}},"GradingData":[],"Language":[],"QuestionID":"QID22","QuestionText_Unsafe":"Do you think we should continue the author-response process in the future?"}},{"SurveyID":"SV_0BvgzCWZZ6qNZPf","Element":"SQ","PrimaryAttribute":"QID19","SecondaryAttribute":"How did you participate in SALT 26? Check all that apply:","TertiaryAttribute":null,"Payload":{"QuestionText":"How did you participate in SALT 26? Check all that apply:","DataExportTag":"Q1.2","QuestionType":"MC","Selector":"MAVR","SubSelector":"TX","Configuration":{"QuestionDescriptionOption":"UseText"},"QuestionDescription":"How did you participate in SALT 26? Check all that apply:","Choices":{"1":{"Display":"Abstract author"},"2":{"Display":"Abstract reviewer"},"3":{"Display":"Conference attendee"}},"ChoiceOrder":["1","2","3"],"Validation":{"Settings":{"ForceResponse":"OFF","ForceResponseType":"ON","Type":"None"}},"Language":[],"QuestionID":"QID19","QuestionText_Unsafe":"How did you participate in SALT 26? Check all that apply:","DynamicChoicesData":[]}},{"SurveyID":"SV_0BvgzCWZZ6qNZPf","Element":"SQ","PrimaryAttribute":"QID1","SecondaryAttribute":"How many SALT conferences have you attended before this one?","TertiaryAttribute":null,"Payload":{"QuestionText":"How many SALT conferences have you attended before this one?","DataExportTag":"Q2.2","QuestionType":"MC","Selector":"SAVR","SubSelector":"TX","Configuration":{"QuestionDescriptionOption":"UseText","LabelPosition":"SIDE"},"QuestionDescription":"How many SALT conferences have you attended before this one?","Choices":{"1":{"Display":"None"},"2":{"Display":"1"},"3":{"Display":"2"},"4":{"Display":"3"},"5":{"Display":"4"},"6":{"Display":"5"},"7":{"Display":"More than 5"}},"ChoiceOrder":[1,2,3,4,5,6,7],"Validation":{"Settings":{"ForceResponse":"OFF","ForceResponseType":"ON","Type":"None"}},"Language":[],"QuestionID":"QID1","QuestionText_Unsafe":"How many SALT conferences have you attended before this one?"}},{"SurveyID":"SV_0BvgzCWZZ6qNZPf","Element":"SQ","PrimaryAttribute":"QID12","SecondaryAttribute":"If you have any other suggestions for future invited speakers or special sessions on research are...","TertiaryAttribute":null,"Payload":{"QuestionText":"If you have any other suggestions for future invited speakers or special sessions on research areas, please provide us with suggestions here:","DefaultChoices":false,"DataExportTag":"Q4.4","QuestionType":"TE","Selector":"ML","Configuration":{"QuestionDescriptionOption":"UseText"},"QuestionDescription":"If you have any other suggestions for future invited speakers or special sessions on research are...","Validation":{"Settings":{"ForceResponse":"OFF","ForceResponseType":"ON","Type":"None"}},"GradingData":[],"Language":[],"QuestionID":"QID12","QuestionText_Unsafe":"If you have any other suggestions for future invited speakers or special sessions on research areas, please provide us with suggestions here:"}},{"SurveyID":"SV_0BvgzCWZZ6qNZPf","Element":"SQ","PrimaryAttribute":"QID2","SecondaryAttribute":"In what capacity did you attend the conference? Check all that apply:","TertiaryAttribute":null,"Payload":{"QuestionText":"In what capacity did you attend the conference? Check all that apply:","DataExportTag":"Q2.1","QuestionType":"MC","Selector":"MAVR","SubSelector":"TX","Configuration":{"QuestionDescriptionOption":"UseText"},"QuestionDescription":"In what capacity did you attend the conference? Check all that apply:","Choices":{"1":{"Display":"Invited speaker"},"2":{"Display":"Talk presenter"},"3":{"Display":"Poster presenter"},"4":{"Display":"Non-presenter"},"5":{"Display":"Organizer"},"6":{"Display":"Other:","TextEntry":"true"}},"ChoiceOrder":[1,2,"3","4","5","6"],"Validation":{"Settings":{"ForceResponse":"OFF","ForceResponseType":"ON","Type":"None"}},"Language":[],"QuestionID":"QID2","QuestionText_Unsafe":"In what capacity did you attend the conference? Check all that apply:"}},{"SurveyID":"SV_0BvgzCWZZ6qNZPf","Element":"SQ","PrimaryAttribute":"QID27","SecondaryAttribute":"Logistics \u00a0 Each SALT is a novel creation, but they often draw\u00a0on preceding SALTs for inspiration.","TertiaryAttribute":null,"Payload":{"QuestionText":"<span style=\"font-size:19px;\"><strong>Logistics<\/strong><\/span>\n<div>&nbsp;<\/div>\n\n<div>Each SALT is a novel creation, but they often draw&nbsp;on preceding SALTs for inspiration.&nbsp;The questions below ask about&nbsp;SALT 26, but should be answered in terms of how SALT {n : n \u2265 27}&nbsp;can keep doing the things SALT 26 did right, while improving on any weak points.<\/div>","DefaultChoices":false,"DataExportTag":"Q2.3","QuestionType":"DB","Selector":"TB","Configuration":{"QuestionDescriptionOption":"UseText"},"QuestionDescription":"Logistics \u00a0 Each SALT is a novel creation, but they often draw\u00a0on preceding SALTs for inspiration...","ChoiceOrder":[],"Validation":{"Settings":{"Type":"None"}},"GradingData":[],"Language":[],"QuestionID":"QID27","QuestionText_Unsafe":"<span style=\"font-size:19px;\"><strong>Logistics<\/strong><\/span>\n<div>&nbsp;<\/div>\n\n<div>Each SALT is a novel creation, but they often draw&nbsp;on preceding SALTs for inspiration.&nbsp;The questions below ask about&nbsp;SALT 26, but should be answered in terms of how SALT {n : n \u2265 27}&nbsp;can keep doing the things SALT 26 did right, while improving on any weak points.<\/div>"}},{"SurveyID":"SV_0BvgzCWZZ6qNZPf","Element":"SQ","PrimaryAttribute":"QID46","SecondaryAttribute":"Please note: while you can pause and return to this survey later, you cannot return to a previous...","TertiaryAttribute":null,"Payload":{"QuestionText":"Please note: while you can pause and return to this survey later, you cannot return to a previous page of questions from the subsequent page.","DefaultChoices":false,"DataExportTag":"Q1.5","QuestionType":"DB","Selector":"TB","Configuration":{"QuestionDescriptionOption":"UseText"},"QuestionDescription":"Please note: while you can pause and return to this survey later, you cannot return to a previous...","ChoiceOrder":[],"Validation":{"Settings":{"Type":"None"}},"GradingData":[],"Language":[],"QuestionID":"QID46","QuestionText_Unsafe":"Please note: while you can pause and return to this survey later, you cannot return to a previous page of questions from the subsequent page."}},{"SurveyID":"SV_0BvgzCWZZ6qNZPf","Element":"SQ","PrimaryAttribute":"QID47","SecondaryAttribute":"Refreshments \u00a0 Again, keeping in mind that future SALTs will not have the same catering service...","TertiaryAttribute":null,"Payload":{"QuestionText":"<span style=\"font-size:19px;\"><strong>Refreshments<\/strong><\/span>\n\n<div>&nbsp;<\/div>\n\n<div>Again, keeping in mind that future SALTs will not have the same catering service...<\/div>","DefaultChoices":false,"DataExportTag":"Q2.7","QuestionType":"DB","Selector":"TB","Configuration":{"QuestionDescriptionOption":"UseText"},"QuestionDescription":"Refreshments \u00a0 Again, keeping in mind that future SALTs will not have the same catering service...","ChoiceOrder":[],"Validation":{"Settings":{"Type":"None"}},"GradingData":[],"Language":[],"QuestionID":"QID47","QuestionText_Unsafe":"<span style=\"font-size:19px;\"><strong>Refreshments<\/strong><\/span>\n\n<div>&nbsp;<\/div>\n\n<div>Again, keeping in mind that future SALTs will not have the same catering service...<\/div>"}},{"SurveyID":"SV_0BvgzCWZZ6qNZPf","Element":"SG","PrimaryAttribute":"SGRP_1SoZCwBoCeZEgN7","SecondaryAttribute":"RP_1SoZCwBoCeZEgN7","TertiaryAttribute":"RP_1SoZCwBoCeZEgN7","Payload":{"0":[{"LogicType":"Question","LeftOperand":"q:\/\/QID2\/SelectableChoice\/5","ChoiceLocator":"q:\/\/QID2\/SelectableChoice\/5","QuestionID":"QID2","Operator":"Selected","Type":"Expression","Description":"Question - In what capacity did you attend SALT 2014? (select all that apply)<em>,<\/em> Choice - organizer<em>,<\/em> <b>Is<\/b> Selected"}],"Type":"BooleanExpression","Name":"RP_1SoZCwBoCeZEgN7","LogicID":"SGRP_1SoZCwBoCeZEgN7"}},{"SurveyID":"SV_0BvgzCWZZ6qNZPf","Element":"SQ","PrimaryAttribute":"QID40","SecondaryAttribute":"Some attendees noticed a difference in the gender of the audience members asking questions and ge...","TertiaryAttribute":null,"Payload":{"QuestionText":"Some attendees noticed a difference in the gender of the audience members asking questions and getting called on for questions. If there was an imbalance, what (if anything) do you think should\/could be done to ameliorate this in the future?&nbsp;For example, what factors encourage you to ask questions at conferences like SALT? What factors inhibit you from asking questions?","DefaultChoices":false,"DataExportTag":"Q2.13","QuestionType":"TE","Selector":"ML","Configuration":{"QuestionDescriptionOption":"UseText"},"QuestionDescription":"Some attendees noticed a difference in the gender of the audience members asking questions and ge...","Validation":{"Settings":{"ForceResponse":"OFF","ForceResponseType":"ON","Type":"None"}},"GradingData":[],"Language":[],"QuestionID":"QID40","QuestionText_Unsafe":"Some attendees noticed a difference in the gender of the audience members asking questions and getting called on for questions. If there was an imbalance, what (if anything) do you think should\/could be done to ameliorate this in the future?&nbsp;For example, what factors encourage you to ask questions at conferences like SALT? What factors inhibit you from asking questions?"}},{"SurveyID":"SV_0BvgzCWZZ6qNZPf","Element":"SQ","PrimaryAttribute":"QID31","SecondaryAttribute":"That's all! Click \"Continue\" below to submit your responses.","TertiaryAttribute":null,"Payload":{"QuestionText":"That's all! Click \"Continue\" below to submit your responses.","DefaultChoices":false,"DataExportTag":"Q4.6","QuestionType":"DB","Selector":"TB","Configuration":{"QuestionDescriptionOption":"UseText"},"QuestionDescription":"That's all! Click \"Continue\" below to submit your responses.","ChoiceOrder":[],"Validation":{"Settings":{"Type":"None"}},"GradingData":[],"Language":[],"QuestionID":"QID31","QuestionText_Unsafe":"That's all! Click \"Continue\" below to submit your responses."}},{"SurveyID":"SV_0BvgzCWZZ6qNZPf","Element":"SQ","PrimaryAttribute":"QID3","SecondaryAttribute":"The primary source of information about the conference was the website, http:\/\/salt.ling.utexas.e...","TertiaryAttribute":null,"Payload":{"QuestionText":"The primary source of information about the conference was the website, <a href=\"http:\/\/salt.ling.utexas.edu\/26\/\" target=\"_blank\">http:\/\/salt.ling.utexas.edu\/26\/<\/a>. Do you have specific suggestions for improving the content or format of the conference website, or comments on features you particularly liked?","DefaultChoices":false,"DataExportTag":"Q2.4","QuestionType":"TE","Selector":"ML","Configuration":{"QuestionDescriptionOption":"UseText"},"QuestionDescription":"The primary source of information about the conference was the website, http:\/\/salt.ling.utexas.e...","Validation":{"Settings":{"ForceResponse":"OFF","ForceResponseType":"ON","Type":"None"}},"GradingData":[],"Language":[],"QuestionID":"QID3","QuestionText_Unsafe":"The primary source of information about the conference was the website, <a href=\"http:\/\/salt.ling.utexas.edu\/26\/\" target=\"_blank\">http:\/\/salt.ling.utexas.edu\/26\/<\/a>. Do you have specific suggestions for improving the content or format of the conference website, or comments on features you particularly liked?"}},{"SurveyID":"SV_0BvgzCWZZ6qNZPf","Element":"SQ","PrimaryAttribute":"QID20","SecondaryAttribute":"There were 40 posters at SALT 26, split into two days of 20 posters each. On each day, we allotte...","TertiaryAttribute":null,"Payload":{"QuestionText":"There were 40 posters at SALT 26, split into two days of 20 posters each. On each day, we allotted two hours for lightning talks (three minutes per poster + transition time) and one hour for the poster session. Do you think we struck a good balance?","DefaultChoices":false,"DataExportTag":"Q2.14","QuestionID":"QID20","QuestionType":"MC","Selector":"SAVR","SubSelector":"TX","Configuration":{"QuestionDescriptionOption":"UseText"},"QuestionDescription":"There were 40 posters at SALT 26, split into two days of 20 posters each. On each day, we allotte...","Choices":{"1":{"Display":"Discontinue the lightning talks"},"2":{"Display":"Shorter lightning talks, longer poster session"},"3":{"Display":"Balance was appropriate"},"4":{"Display":"Other:","TextEntry":"true"}},"ChoiceOrder":["1","2","3","4"],"Validation":{"Settings":{"ForceResponse":"OFF","ForceResponseType":"ON","Type":"None"}},"GradingData":[],"Language":[],"QuestionText_Unsafe":"There were 40 posters at SALT 26, split into two days of 20 posters each. On each day, we allotted two hours for lightning talks (three minutes per poster + transition time) and one hour for the poster session. Do you think we struck a good balance?"}},{"SurveyID":"SV_0BvgzCWZZ6qNZPf","Element":"SQ","PrimaryAttribute":"QID34","SecondaryAttribute":"This survey includes relevant blocks based on your response to the next question, and should take...","TertiaryAttribute":null,"Payload":{"QuestionText":"This survey includes relevant blocks based on your response to the next question, and <b>should take no more than 10 minutes of your time<\/b>. Thanks in advance for your responses \u2014 getting feedback from SALT participants is one of the most important ways we can keep improving the entire SALT program, from the abstract review process to the closing party.<div><br><\/div><div><i>All questions are optional.<\/i><\/div>","DefaultChoices":false,"DataExportTag":"Q1.1","QuestionType":"DB","Selector":"TB","Configuration":{"QuestionDescriptionOption":"UseText"},"QuestionDescription":"This survey includes relevant blocks based on your response to the next question, and should take...","ChoiceOrder":[],"Validation":{"Settings":{"Type":"None"}},"GradingData":[],"Language":[],"QuestionID":"QID34","QuestionText_Unsafe":"This survey includes relevant blocks based on your response to the next question, and <b>should take no more than 10 minutes of your time<\/b>. Thanks in advance for your responses \u2014 getting feedback from SALT participants is one of the most important ways we can keep improving the entire SALT program, from the abstract review process to the closing party.<div><br><\/div><div><i>All questions are optional.<\/i><\/div>"}},{"SurveyID":"SV_0BvgzCWZZ6qNZPf","Element":"SQ","PrimaryAttribute":"QID30","SecondaryAttribute":"This was the second year that the SALT review process included a response period for authors. Aft...","TertiaryAttribute":null,"Payload":{"QuestionText":"This was the second year that the SALT review process included a response period for authors. After the reviews were due,&nbsp;authors were given a week to compose a short response,&nbsp;after&nbsp;which the reviewers could change their score.","DefaultChoices":false,"DataExportTag":"Q3.1","QuestionType":"DB","Selector":"TB","Configuration":{"QuestionDescriptionOption":"UseText"},"QuestionDescription":"This was the second year that the SALT review process included a response period for authors. Aft...","ChoiceOrder":[],"Validation":{"Settings":{"Type":"None"}},"GradingData":[],"Language":[],"QuestionID":"QID30","QuestionText_Unsafe":"This was the second year that the SALT review process included a response period for authors. After the reviews were due,&nbsp;authors were given a week to compose a short response,&nbsp;after&nbsp;which the reviewers could change their score."}},{"SurveyID":"SV_0BvgzCWZZ6qNZPf","Element":"SQ","PrimaryAttribute":"QID35","SecondaryAttribute":"This year SALT hosted a special session on presupposition, organized by Cleo Condoravdi and Stefa...","TertiaryAttribute":null,"Payload":{"QuestionText":"This year SALT hosted a&nbsp;special session on presupposition, organized by Cleo Condoravdi and Stefan Kaufman, on the day before the main conference began. Did you attend this workshop?","DataExportTag":"Q4.1","QuestionType":"MC","Selector":"SAVR","SubSelector":"TX","Configuration":{"QuestionDescriptionOption":"UseText"},"QuestionDescription":"This year SALT hosted a special session on presupposition, organized by Cleo Condoravdi and Stefa...","Choices":{"1":{"Display":"Yes"},"2":{"Display":"No"},"3":{"Display":"No, but I really wanted to!"}},"ChoiceOrder":["1","2","3"],"Validation":{"Settings":{"ForceResponse":"OFF","ForceResponseType":"ON","Type":"None"}},"Language":[],"QuestionID":"QID35","QuestionText_Unsafe":"This year SALT hosted a&nbsp;special session on presupposition, organized by Cleo Condoravdi and Stefan Kaufman, on the day before the main conference began. Did you attend this workshop?","DisplayLogic":{"0":{"0":{"LogicType":"Question","QuestionID":"QID19","QuestionIsInLoop":"no","ChoiceLocator":"q:\/\/QID19\/SelectableChoice\/3","Operator":"Selected","QuestionIDFromLocator":"QID19","LeftOperand":"q:\/\/QID19\/SelectableChoice\/3","Type":"Expression","Description":"<span class=\"ConjDesc\">If<\/span> <span class=\"QuestionDesc\">How did you participate in SALT 26? Check all that apply:<\/span> <span class=\"LeftOpDesc\">Conference attendee<\/span> Is <span class=\"OpDesc\">Selected<\/span> "},"Type":"If"},"Type":"BooleanExpression","inPage":false}}},{"SurveyID":"SV_0BvgzCWZZ6qNZPf","Element":"SQ","PrimaryAttribute":"QID37","SecondaryAttribute":"Timing","TertiaryAttribute":null,"Payload":{"QuestionText":"Timing","DefaultChoices":false,"DataExportTag":"Q4.7","QuestionType":"Timing","Selector":"PageTimer","Configuration":{"QuestionDescriptionOption":"UseText","MinSeconds":"0","MaxSeconds":"0"},"QuestionDescription":"Timing","Choices":{"1":{"Display":"First Click"},"2":{"Display":"Last Click"},"3":{"Display":"Page Submit"},"4":{"Display":"Click Count"}},"GradingData":[],"Language":[],"QuestionID":"QID37","QuestionText_Unsafe":"Timing"}},{"SurveyID":"SV_0BvgzCWZZ6qNZPf","Element":"SQ","PrimaryAttribute":"QID38","SecondaryAttribute":"Timing","TertiaryAttribute":null,"Payload":{"QuestionText":"Timing","DefaultChoices":false,"DataExportTag":"Q3.8","QuestionType":"Timing","Selector":"PageTimer","Configuration":{"QuestionDescriptionOption":"UseText","MinSeconds":"0","MaxSeconds":"0"},"QuestionDescription":"Timing","Choices":{"1":{"Display":"First Click"},"2":{"Display":"Last Click"},"3":{"Display":"Page Submit"},"4":{"Display":"Click Count"}},"GradingData":[],"Language":[],"QuestionID":"QID38","QuestionText_Unsafe":"Timing"}},{"SurveyID":"SV_0BvgzCWZZ6qNZPf","Element":"SQ","PrimaryAttribute":"QID39","SecondaryAttribute":"Timing","TertiaryAttribute":null,"Payload":{"QuestionText":"Timing","DefaultChoices":false,"DataExportTag":"Q2.16","QuestionType":"Timing","Selector":"PageTimer","Configuration":{"QuestionDescriptionOption":"UseText","MinSeconds":"0","MaxSeconds":"0"},"QuestionDescription":"Timing","Choices":{"1":{"Display":"First Click"},"2":{"Display":"Last Click"},"3":{"Display":"Page Submit"},"4":{"Display":"Click Count"}},"GradingData":[],"Language":[],"QuestionID":"QID39","QuestionText_Unsafe":"Timing"}},{"SurveyID":"SV_0BvgzCWZZ6qNZPf","Element":"SQ","PrimaryAttribute":"QID4","SecondaryAttribute":"We also printed out schedules and wifi access cards, for easy access. Do you have specific sugges...","TertiaryAttribute":null,"Payload":{"QuestionText":"We also printed out schedules and wifi access cards, for easy access. Do you have specific suggestions on these materials, or additional information that you would have liked?","DefaultChoices":false,"DataExportTag":"Q2.5","QuestionType":"TE","Selector":"ML","Configuration":{"QuestionDescriptionOption":"UseText"},"QuestionDescription":"We also printed out schedules and wifi access cards, for easy access. Do you have specific sugges...","Validation":{"Settings":{"ForceResponse":"OFF","ForceResponseType":"ON","Type":"None","MinChars":""}},"GradingData":[],"Language":[],"QuestionID":"QID4","QuestionText_Unsafe":"We also printed out schedules and wifi access cards, for easy access. Do you have specific suggestions on these materials, or additional information that you would have liked?"}},{"SurveyID":"SV_0BvgzCWZZ6qNZPf","Element":"SQ","PrimaryAttribute":"QID9","SecondaryAttribute":"We provided coffee during most of the breaks between sessions, and snacks for some of them. Do yo...","TertiaryAttribute":null,"Payload":{"QuestionText":"We provided coffee during most of the breaks between sessions, and snacks for some of them. Do you have specific suggestions for improving the type \/ amount \/ availability of snacks during the breaks, or anything you particularly liked?","DefaultChoices":false,"DataExportTag":"Q2.8","QuestionType":"TE","Selector":"ML","Configuration":{"QuestionDescriptionOption":"UseText"},"QuestionDescription":"We provided coffee during most of the breaks between sessions, and snacks for some of them. Do yo...","Validation":{"Settings":{"ForceResponse":"OFF","ForceResponseType":"ON","Type":"None"}},"GradingData":[],"Language":[],"QuestionID":"QID9","QuestionText_Unsafe":"We provided coffee during most of the breaks between sessions, and snacks for some of them. Do you have specific suggestions for improving the type \/ amount \/ availability of snacks during the breaks, or anything you particularly liked?"}},{"SurveyID":"SV_0BvgzCWZZ6qNZPf","Element":"SQ","PrimaryAttribute":"QID11","SecondaryAttribute":"What aspects of the conference venues did you particularly like, and what could be improved in th...","TertiaryAttribute":null,"Payload":{"QuestionText":"What aspects of the conference venues did you particularly like, and what could be improved in the future? (spaces for meeting, lounging, proximity to lodging, accessibility)","DefaultChoices":false,"DataExportTag":"Q2.6","QuestionType":"TE","Selector":"ML","Configuration":{"QuestionDescriptionOption":"UseText"},"QuestionDescription":"What aspects of the conference venues did you particularly like, and what could be improved in th...","Validation":{"Settings":{"ForceResponse":"OFF","ForceResponseType":"ON","Type":"None"}},"GradingData":[],"Language":[],"QuestionID":"QID11","QuestionText_Unsafe":"What aspects of the conference venues did you particularly like, and what could be improved in the future? (spaces for meeting, lounging, proximity to lodging, accessibility)"}},{"SurveyID":"SV_0BvgzCWZZ6qNZPf","Element":"SQ","PrimaryAttribute":"QID36","SecondaryAttribute":"What do you feel is the optimal number of reviewers per abstract?","TertiaryAttribute":null,"Payload":{"QuestionText":"What do you feel is the optimal number of reviewers per abstract?","DefaultChoices":false,"DataExportTag":"Q3.6","QuestionType":"MC","Selector":"SAVR","SubSelector":"TX","Configuration":{"QuestionDescriptionOption":"UseText"},"QuestionDescription":"What do you feel is the optimal number of reviewers per abstract?","Choices":{"1":{"Display":"2"},"2":{"Display":"3"},"3":{"Display":"4"},"4":{"Display":"5"},"5":{"Display":"6"},"7":{"Display":"It depends...","TextEntry":"true"}},"ChoiceOrder":["1","2","3","4","5","7"],"Validation":{"Settings":{"ForceResponse":"OFF","ForceResponseType":"ON","Type":"None"}},"GradingData":[],"Language":[],"QuestionID":"QID36","QuestionText_Unsafe":"What do you feel is the optimal number of reviewers per abstract?"}},{"SurveyID":"SV_0BvgzCWZZ6qNZPf","Element":"SQ","PrimaryAttribute":"QID41","SecondaryAttribute":"What is your gender?","TertiaryAttribute":null,"Payload":{"QuestionText":"What is your gender?","DataExportTag":"Q1.4","QuestionType":"MC","Selector":"SAVR","SubSelector":"TX","Configuration":{"QuestionDescriptionOption":"UseText"},"QuestionDescription":"What is your gender?","Choices":{"1":{"Display":"Female"},"2":{"Display":"Male"},"3":{"Display":"Other:","TextEntry":"true"}},"ChoiceOrder":["1","2","3"],"Validation":{"Settings":{"ForceResponse":"OFF","ForceResponseType":"ON","Type":"None"}},"Language":[],"QuestionID":"QID41","QuestionText_Unsafe":"What is your gender?"}},{"SurveyID":"SV_0BvgzCWZZ6qNZPf","Element":"SQ","PrimaryAttribute":"QID18","SecondaryAttribute":"Which of the following best describes your academic status?","TertiaryAttribute":null,"Payload":{"QuestionText":"Which of the following best describes your academic status?","DataExportTag":"Q1.3","QuestionType":"MC","Selector":"SAVR","SubSelector":"TX","Configuration":{"QuestionDescriptionOption":"UseText"},"QuestionDescription":"Which of the following best describes your academic status?","Choices":{"1":{"Display":"Undergraduate student"},"2":{"Display":"Masters student"},"3":{"Display":"Doctoral student"},"4":{"Display":"Postdoc"},"5":{"Display":"Non-tenured professor"},"6":{"Display":"Tenure-track assistant professor"},"7":{"Display":"Tenure-track associate professor"},"8":{"Display":"Tenured associate professor"},"9":{"Display":"Other:","TextEntry":"true"},"10":{"Display":"Tenured full professor"}},"ChoiceOrder":[1,2,3,4,5,6,7,8,"10",9],"Validation":{"Settings":{"ForceResponse":"OFF","ForceResponseType":"ON","Type":"None"}},"Language":[],"QuestionID":"QID18","QuestionText_Unsafe":"Which of the following best describes your academic status?"}}]}